{
  "name": "vscode-loader",
  "version": "1.0.0",
  "lockfileVersion": 1,
  "requires": true,
  "dependencies": {
    "typescript": {
      "version": "3.8.3",
      "resolved": "https://registry.npmjs.org/typescript/-/typescript-3.8.3.tgz",
      "integrity": "sha512-MYlEfn5VrLNsgudQTVJeNaQFUAI7DkhnOjdpAp4T+ku1TfQClewlbSuTVHiA+8skNBgaf02TL/kLOvig4y3G8w==",
      "dev": true
    },
    "yaserver": {
      "version": "0.3.0",
      "resolved": "https://registry.npmjs.org/yaserver/-/yaserver-0.3.0.tgz",
      "integrity": "sha512-q7O/gz6B46jA0QZptLxPDBWwojnbpxXwjHGHwWKghsPQBNDcTwOmJ2wTbFAoU6me1M/Z995eATE5THYmGzGE6A==",
      "dev": true
    }
  }
}
